
Microsoft Visual Studio Solution File, Format Version 12.00
# Visual Studio 15
VisualStudioVersion = 15.0.27130.2026
MinimumVisualStudioVersion = 10.0.40219.1
Project("{FAE04EC0-301F-11D3-BF4B-00C04F79EFBC}") = "Entidades", "Entidades\Entidades.csproj", "{A90787F3-5BFF-4C7B-87CA-83FDF1FA16F3}"
EndProject
Project("{FAE04EC0-301F-11D3-BF4B-00C04F79EFBC}") = "WF", "WF\WF.csproj", "{A6C191D2-19A1-4F24-A0E5-B746CBDE4CE7}"
EndProject
Global
	GlobalSection(SolutionConfigurationPlatforms) = preSolution
		Debug|Any CPU = Debug|Any CPU
		Release|Any CPU = Release|Any CPU
	EndGlobalSection
	GlobalSection(ProjectConfigurationPlatforms) = postSolution
		{A90787F3-5BFF-4C7B-87CA-83FDF1FA16F3}.Debug|Any CPU.ActiveCfg = Debug|Any CPU
		{A90787F3-5BFF-4C7B-87CA-83FDF1FA16F3}.Debug|Any CPU.Build.0 = Debug|Any CPU
		{A90787F3-5BFF-4C7B-87CA-83FDF1FA16F3}.Release|Any CPU.ActiveCfg = Release|Any CPU
		{A90787F3-5BFF-4C7B-87CA-83FDF1FA16F3}.Release|Any CPU.Build.0 = Release|Any CPU
		{A6C191D2-19A1-4F24-A0E5-B746CBDE4CE7}.Debug|Any CPU.ActiveCfg = Debug|Any CPU
		{A6C191D2-19A1-4F24-A0E5-B746CBDE4CE7}.Debug|Any CPU.Build.0 = Debug|Any CPU
		{A6C191D2-19A1-4F24-A0E5-B746CBDE4CE7}.Release|Any CPU.ActiveCfg = Release|Any CPU
		{A6C191D2-19A1-4F24-A0E5-B746CBDE4CE7}.Release|Any CPU.Build.0 = Release|Any CPU
	EndGlobalSection
	GlobalSection(SolutionProperties) = preSolution
		HideSolutionNode = FALSE
	EndGlobalSection
	GlobalSection(ExtensibilityGlobals) = postSolution
		SolutionGuid = {B816FC78-58F9-416C-800B-2F30E8BF3187}
	EndGlobalSection
EndGlobal
